// !$*UTF8*$!
{
	archiveVersion = 1;
	classes = {
	};
	objectVersion = 46;
	objects = {

/* Begin PBXBuildFile section */
		0BB7722F1BD7A3D80000248F /* RecipesTests.m in Sources */ = {isa = PBXBuildFile; fileRef = 0BB7722E1BD7A3D80000248F /* RecipesTests.m */; };
		0BB772371BD7A4C10000248F /* BDDAppDelegateSpec.mm in Sources */ = {isa = PBXBuildFile; fileRef = 0BB772361BD7A4C10000248F /* BDDAppDelegateSpec.mm */; settings = {ASSET_TAGS = (); }; };
		A0A80354D974CA0A4B0D8AAD /* libPods-RecipesTests.a in Frameworks */ = {isa = PBXBuildFile; fileRef = 39E3DF7EF3B4E3E911F647CA /* libPods-RecipesTests.a */; };
		AE0C3A3B17A0208800E640D8 /* UIKit.framework in Frameworks */ = {isa = PBXBuildFile; fileRef = AE0C3A3A17A0208800E640D8 /* UIKit.framework */; };
		AE0C3A3D17A0208800E640D8 /* Foundation.framework in Frameworks */ = {isa = PBXBuildFile; fileRef = AE0C3A3C17A0208800E640D8 /* Foundation.framework */; };
		AE0C3A3F17A0208800E640D8 /* CoreGraphics.framework in Frameworks */ = {isa = PBXBuildFile; fileRef = AE0C3A3E17A0208800E640D8 /* CoreGraphics.framework */; };
		AE0C3A4517A0208800E640D8 /* InfoPlist.strings in Resources */ = {isa = PBXBuildFile; fileRef = AE0C3A4317A0208800E640D8 /* InfoPlist.strings */; };
		AE0C3A4717A0208800E640D8 /* main.m in Sources */ = {isa = PBXBuildFile; fileRef = AE0C3A4617A0208800E640D8 /* main.m */; };
		AE0C3A4B17A0208800E640D8 /* BDDAppDelegate.m in Sources */ = {isa = PBXBuildFile; fileRef = AE0C3A4A17A0208800E640D8 /* BDDAppDelegate.m */; };
		AE0C3A4D17A0208800E640D8 /* Default.png in Resources */ = {isa = PBXBuildFile; fileRef = AE0C3A4C17A0208800E640D8 /* Default.png */; };
		AE0C3A4F17A0208800E640D8 /* Default@2x.png in Resources */ = {isa = PBXBuildFile; fileRef = AE0C3A4E17A0208800E640D8 /* Default@2x.png */; };
		AE0C3A5117A0208800E640D8 /* Default-568h@2x.png in Resources */ = {isa = PBXBuildFile; fileRef = AE0C3A5017A0208800E640D8 /* Default-568h@2x.png */; };
/* End PBXBuildFile section */

/* Begin PBXContainerItemProxy section */
		0BB772311BD7A3D80000248F /* PBXContainerItemProxy */ = {
			isa = PBXContainerItemProxy;
			containerPortal = AE0C3A2F17A0208800E640D8 /* Project object */;
			proxyType = 1;
			remoteGlobalIDString = AE0C3A3617A0208800E640D8;
			remoteInfo = Recipes;
		};
/* End PBXContainerItemProxy section */

/* Begin PBXFileReference section */
		0BB772271BD7A3240000248F /* Podfile */ = {isa = PBXFileReference; lastKnownFileType = text; path = Podfile; sourceTree = SOURCE_ROOT; };
		0BB7722C1BD7A3D80000248F /* RecipesTests.xctest */ = {isa = PBXFileReference; explicitFileType = wrapper.cfbundle; includeInIndex = 0; path = RecipesTests.xctest; sourceTree = BUILT_PRODUCTS_DIR; };
		0BB7722E1BD7A3D80000248F /* RecipesTests.m */ = {isa = PBXFileReference; lastKnownFileType = sourcecode.c.objc; path = RecipesTests.m; sourceTree = "<group>"; };
		0BB772301BD7A3D80000248F /* Info.plist */ = {isa = PBXFileReference; lastKnownFileType = text.plist.xml; path = Info.plist; sourceTree = "<group>"; };
		0BB772361BD7A4C10000248F /* BDDAppDelegateSpec.mm */ = {isa = PBXFileReference; fileEncoding = 4; lastKnownFileType = sourcecode.cpp.objcpp; path = BDDAppDelegateSpec.mm; sourceTree = "<group>"; };
		39E3DF7EF3B4E3E911F647CA /* libPods-RecipesTests.a */ = {isa = PBXFileReference; explicitFileType = archive.ar; includeInIndex = 0; path = "libPods-RecipesTests.a"; sourceTree = BUILT_PRODUCTS_DIR; };
		966756D118E04ECCDD4105A3 /* Pods-RecipesTests.release.xcconfig */ = {isa = PBXFileReference; includeInIndex = 1; lastKnownFileType = text.xcconfig; name = "Pods-RecipesTests.release.xcconfig"; path = "Pods/Target Support Files/Pods-RecipesTests/Pods-RecipesTests.release.xcconfig"; sourceTree = "<group>"; };
		AE0C3A3717A0208800E640D8 /* Recipes.app */ = {isa = PBXFileReference; explicitFileType = wrapper.application; includeInIndex = 0; path = Recipes.app; sourceTree = BUILT_PRODUCTS_DIR; };
		AE0C3A3A17A0208800E640D8 /* UIKit.framework */ = {isa = PBXFileReference; lastKnownFileType = wrapper.framework; name = UIKit.framework; path = System/Library/Frameworks/UIKit.framework; sourceTree = SDKROOT; };
		AE0C3A3C17A0208800E640D8 /* Foundation.framework */ = {isa = PBXFileReference; lastKnownFileType = wrapper.framework; name = Foundation.framework; path = System/Library/Frameworks/Foundation.framework; sourceTree = SDKROOT; };
		AE0C3A3E17A0208800E640D8 /* CoreGraphics.framework */ = {isa = PBXFileReference; lastKnownFileType = wrapper.framework; name = CoreGraphics.framework; path = System/Library/Frameworks/CoreGraphics.framework; sourceTree = SDKROOT; };
		AE0C3A4217A0208800E640D8 /* Recipes-Info.plist */ = {isa = PBXFileReference; lastKnownFileType = text.plist.xml; path = "Recipes-Info.plist"; sourceTree = "<group>"; };
		AE0C3A4417A0208800E640D8 /* en */ = {isa = PBXFileReference; lastKnownFileType = text.plist.strings; name = en; path = en.lproj/InfoPlist.strings; sourceTree = "<group>"; };
		AE0C3A4617A0208800E640D8 /* main.m */ = {isa = PBXFileReference; lastKnownFileType = sourcecode.c.objc; path = main.m; sourceTree = "<group>"; };
		AE0C3A4817A0208800E640D8 /* Recipes-Prefix.pch */ = {isa = PBXFileReference; lastKnownFileType = sourcecode.c.h; path = "Recipes-Prefix.pch"; sourceTree = "<group>"; };
		AE0C3A4917A0208800E640D8 /* BDDAppDelegate.h */ = {isa = PBXFileReference; lastKnownFileType = sourcecode.c.h; path = BDDAppDelegate.h; sourceTree = "<group>"; };
		AE0C3A4A17A0208800E640D8 /* BDDAppDelegate.m */ = {isa = PBXFileReference; lastKnownFileType = sourcecode.c.objc; path = BDDAppDelegate.m; sourceTree = "<group>"; };
		AE0C3A4C17A0208800E640D8 /* Default.png */ = {isa = PBXFileReference; lastKnownFileType = image.png; path = Default.png; sourceTree = "<group>"; };
		AE0C3A4E17A0208800E640D8 /* Default@2x.png */ = {isa = PBXFileReference; lastKnownFileType = image.png; path = "Default@2x.png"; sourceTree = "<group>"; };
		AE0C3A5017A0208800E640D8 /* Default-568h@2x.png */ = {isa = PBXFileReference; lastKnownFileType = image.png; path = "Default-568h@2x.png"; sourceTree = "<group>"; };
		BDBA95F65B50FB2FCCF99708 /* Pods-RecipesTests.debug.xcconfig */ = {isa = PBXFileReference; includeInIndex = 1; lastKnownFileType = text.xcconfig; name = "Pods-RecipesTests.debug.xcconfig"; path = "Pods/Target Support Files/Pods-RecipesTests/Pods-RecipesTests.debug.xcconfig"; sourceTree = "<group>"; };
/* End PBXFileReference section */

/* Begin PBXFrameworksBuildPhase section */
		0BB772291BD7A3D80000248F /* Frameworks */ = {
			isa = PBXFrameworksBuildPhase;
			buildActionMask = 2147483647;
			files = (
				A0A80354D974CA0A4B0D8AAD /* libPods-RecipesTests.a in Frameworks */,
			);
			runOnlyForDeploymentPostprocessing = 0;
		};
		AE0C3A3417A0208800E640D8 /* Frameworks */ = {
			isa = PBXFrameworksBuildPhase;
			buildActionMask = 2147483647;
			files = (
				AE0C3A3B17A0208800E640D8 /* UIKit.framework in Frameworks */,
				AE0C3A3D17A0208800E640D8 /* Foundation.framework in Frameworks */,
				AE0C3A3F17A0208800E640D8 /* CoreGraphics.framework in Frameworks */,
			);
			runOnlyForDeploymentPostprocessing = 0;
		};
/* End PBXFrameworksBuildPhase section */

/* Begin PBXGroup section */
		0BB7722D1BD7A3D80000248F /* RecipesTests */ = {
			isa = PBXGroup;
			children = (
				0BB7722E1BD7A3D80000248F /* RecipesTests.m */,
				0BB772361BD7A4C10000248F /* BDDAppDelegateSpec.mm */,
				0BB772301BD7A3D80000248F /* Info.plist */,
			);
			path = RecipesTests;
			sourceTree = "<group>";
		};
		AE0C3A2E17A0208800E640D8 = {
			isa = PBXGroup;
			children = (
				AE0C3A4017A0208800E640D8 /* Recipes */,
				0BB7722D1BD7A3D80000248F /* RecipesTests */,
				AE0C3A3917A0208800E640D8 /* Frameworks */,
				AE0C3A3817A0208800E640D8 /* Products */,
				AE899C260A71566DA929E39B /* Pods */,
			);
			sourceTree = "<group>";
		};
		AE0C3A3817A0208800E640D8 /* Products */ = {
			isa = PBXGroup;
			children = (
				AE0C3A3717A0208800E640D8 /* Recipes.app */,
				0BB7722C1BD7A3D80000248F /* RecipesTests.xctest */,
			);
			name = Products;
			sourceTree = "<group>";
		};
		AE0C3A3917A0208800E640D8 /* Frameworks */ = {
			isa = PBXGroup;
			children = (
				AE0C3A3A17A0208800E640D8 /* UIKit.framework */,
				AE0C3A3C17A0208800E640D8 /* Foundation.framework */,
				AE0C3A3E17A0208800E640D8 /* CoreGraphics.framework */,
				39E3DF7EF3B4E3E911F647CA /* libPods-RecipesTests.a */,
			);
			name = Frameworks;
			sourceTree = "<group>";
		};
		AE0C3A4017A0208800E640D8 /* Recipes */ = {
			isa = PBXGroup;
			children = (
				0BB772271BD7A3240000248F /* Podfile */,
				AE0C3A4917A0208800E640D8 /* BDDAppDelegate.h */,
				AE0C3A4A17A0208800E640D8 /* BDDAppDelegate.m */,
				AE0C3A4117A0208800E640D8 /* Supporting Files */,
			);
			path = Recipes;
			sourceTree = "<group>";
		};
		AE0C3A4117A0208800E640D8 /* Supporting Files */ = {
			isa = PBXGroup;
			children = (
				AE0C3A4217A0208800E640D8 /* Recipes-Info.plist */,
				AE0C3A4317A0208800E640D8 /* InfoPlist.strings */,
				AE0C3A4617A0208800E640D8 /* main.m */,
				AE0C3A4817A0208800E640D8 /* Recipes-Prefix.pch */,
				AE0C3A4C17A0208800E640D8 /* Default.png */,
				AE0C3A4E17A0208800E640D8 /* Default@2x.png */,
				AE0C3A5017A0208800E640D8 /* Default-568h@2x.png */,
			);
			name = "Supporting Files";
			sourceTree = "<group>";
		};
		AE899C260A71566DA929E39B /* Pods */ = {
			isa = PBXGroup;
			children = (
				BDBA95F65B50FB2FCCF99708 /* Pods-RecipesTests.debug.xcconfig */,
				966756D118E04ECCDD4105A3 /* Pods-RecipesTests.release.xcconfig */,
			);
			name = Pods;
			sourceTree = "<group>";
		};
/* End PBXGroup section */

/* Begin PBXNativeTarget section */
		0BB7722B1BD7A3D80000248F /* RecipesTests */ = {
			isa = PBXNativeTarget;
			buildConfigurationList = 0BB772351BD7A3D80000248F /* Build configuration list for PBXNativeTarget "RecipesTests" */;
			buildPhases = (
				D5A3835790A6BC84990490D6 /* Check Pods Manifest.lock */,
				0BB772281BD7A3D80000248F /* Sources */,
				0BB772291BD7A3D80000248F /* Frameworks */,
				0BB7722A1BD7A3D80000248F /* Resources */,
				B509B8C630AC882E38458EA8 /* Copy Pods Resources */,
			);
			buildRules = (
			);
			dependencies = (
				0BB772321BD7A3D80000248F /* PBXTargetDependency */,
			);
			name = RecipesTests;
			productName = RecipesTests;
			productReference = 0BB7722C1BD7A3D80000248F /* RecipesTests.xctest */;
			productType = "com.apple.product-type.bundle.unit-test";
		};
		AE0C3A3617A0208800E640D8 /* Recipes */ = {
			isa = PBXNativeTarget;
			buildConfigurationList = AE0C3A5417A0208800E640D8 /* Build configuration list for PBXNativeTarget "Recipes" */;
			buildPhases = (
				AE0C3A3317A0208800E640D8 /* Sources */,
				AE0C3A3417A0208800E640D8 /* Frameworks */,
				AE0C3A3517A0208800E640D8 /* Resources */,
			);
			buildRules = (
			);
			dependencies = (
			);
			name = Recipes;
			productName = Recipes;
			productReference = AE0C3A3717A0208800E640D8 /* Recipes.app */;
			productType = "com.apple.product-type.application";
		};
/* End PBXNativeTarget section */

/* Begin PBXProject section */
		AE0C3A2F17A0208800E640D8 /* Project object */ = {
			isa = PBXProject;
			attributes = {
				CLASSPREFIX = BDD;
				LastUpgradeCheck = 0460;
				ORGANIZATIONNAME = "Pivotal Labs";
				TargetAttributes = {
					0BB7722B1BD7A3D80000248F = {
						CreatedOnToolsVersion = 7.0;
						TestTargetID = AE0C3A3617A0208800E640D8;
					};
				};
			};
			buildConfigurationList = AE0C3A3217A0208800E640D8 /* Build configuration list for PBXProject "Recipes" */;
			compatibilityVersion = "Xcode 3.2";
			developmentRegion = English;
			hasScannedForEncodings = 0;
			knownRegions = (
				en,
			);
			mainGroup = AE0C3A2E17A0208800E640D8;
			productRefGroup = AE0C3A3817A0208800E640D8 /* Products */;
			projectDirPath = "";
			projectRoot = "";
			targets = (
				AE0C3A3617A0208800E640D8 /* Recipes */,
				0BB7722B1BD7A3D80000248F /* RecipesTests */,
			);
		};
/* End PBXProject section */

/* Begin PBXResourcesBuildPhase section */
		0BB7722A1BD7A3D80000248F /* Resources */ = {
			isa = PBXResourcesBuildPhase;
			buildActionMask = 2147483647;
			files = (
			);
			runOnlyForDeploymentPostprocessing = 0;
		};
		AE0C3A3517A0208800E640D8 /* Resources */ = {
			isa = PBXResourcesBuildPhase;
			buildActionMask = 2147483647;
			files = (
				AE0C3A4517A0208800E640D8 /* InfoPlist.strings in Resources */,
				AE0C3A4D17A0208800E640D8 /* Default.png in Resources */,
				AE0C3A4F17A0208800E640D8 /* Default@2x.png in Resources */,
				AE0C3A5117A0208800E640D8 /* Default-568h@2x.png in Resources */,
			);
			runOnlyForDeploymentPostprocessing = 0;
		};
/* End PBXResourcesBuildPhase section */

/* Begin PBXShellScriptBuildPhase section */
		B509B8C630AC882E38458EA8 /* Copy Pods Resources */ = {
			isa = PBXShellScriptBuildPhase;
			buildActionMask = 2147483647;
			files = (
			);
			inputPaths = (
			);
			name = "Copy Pods Resources";
			outputPaths = (
			);
			runOnlyForDeploymentPostprocessing = 0;
			shellPath = /bin/sh;
			shellScript = "\"${SRCROOT}/Pods/Target Support Files/Pods-RecipesTests/Pods-RecipesTests-resources.sh\"\n";
			showEnvVarsInLog = 0;
		};
		D5A3835790A6BC84990490D6 /* Check Pods Manifest.lock */ = {
			isa = PBXShellScriptBuildPhase;
			buildActionMask = 2147483647;
			files = (
			);
			inputPaths = (
			);
			name = "Check Pods Manifest.lock";
			outputPaths = (
			);
			runOnlyForDeploymentPostprocessing = 0;
			shellPath = /bin/sh;
			shellScript = "diff \"${PODS_ROOT}/../Podfile.lock\" \"${PODS_ROOT}/Manifest.lock\" > /dev/null\nif [[ $? != 0 ]] ; then\n    cat << EOM\nerror: The sandbox is not in sync with the Podfile.lock. Run 'pod install' or update your CocoaPods installation.\nEOM\n    exit 1\nfi\n";
			showEnvVarsInLog = 0;
		};
/* End PBXShellScriptBuildPhase section */

/* Begin PBXSourcesBuildPhase section */
		0BB772281BD7A3D80000248F /* Sources */ = {
			isa = PBXSourcesBuildPhase;
			buildActionMask = 2147483647;
			files = (
				0BB772371BD7A4C10000248F /* BDDAppDelegateSpec.mm in Sources */,
				0BB7722F1BD7A3D80000248F /* RecipesTests.m in Sources */,
			);
			runOnlyForDeploymentPostprocessing = 0;
		};
		AE0C3A3317A0208800E640D8 /* Sources */ = {
			isa = PBXSourcesBuildPhase;
			buildActionMask = 2147483647;
			files = (
				AE0C3A4717A0208800E640D8 /* main.m in Sources */,
				AE0C3A4B17A0208800E640D8 /* BDDAppDelegate.m in Sources */,
			);
			runOnlyForDeploymentPostprocessing = 0;
		};
/* End PBXSourcesBuildPhase section */

/* Begin PBXTargetDependency section */
		0BB772321BD7A3D80000248F /* PBXTargetDependency */ = {
			isa = PBXTargetDependency;
			target = AE0C3A3617A0208800E640D8 /* Recipes */;
			targetProxy = 0BB772311BD7A3D80000248F /* PBXContainerItemProxy */;
		};
/* End PBXTargetDependency section */

/* Begin PBXVariantGroup section */
		AE0C3A4317A0208800E640D8 /* InfoPlist.strings */ = {
			isa = PBXVariantGroup;
			children = (
				AE0C3A4417A0208800E640D8 /* en */,
			);
			name = InfoPlist.strings;
			sourceTree = "<group>";
		};
/* End PBXVariantGroup section */

/* Begin XCBuildConfiguration section */
		0BB772331BD7A3D80000248F /* Debug */ = {
			isa = XCBuildConfiguration;
			baseConfigurationReference = BDBA95F65B50FB2FCCF99708 /* Pods-RecipesTests.debug.xcconfig */;
			buildSettings = {
				BUNDLE_LOADER = "$(TEST_HOST)";
				CLANG_ENABLE_MODULES = YES;
				CLANG_ENABLE_OBJC_ARC = YES;
				CLANG_WARN_BOOL_CONVERSION = YES;
				CLANG_WARN_DIRECT_OBJC_ISA_USAGE = YES_ERROR;
				CLANG_WARN_OBJC_ROOT_CLASS = YES_ERROR;
				CLANG_WARN_UNREACHABLE_CODE = YES;
				DEBUG_INFORMATION_FORMAT = dwarf;
				ENABLE_STRICT_OBJC_MSGSEND = YES;
				ENABLE_TESTABILITY = YES;
				GCC_NO_COMMON_BLOCKS = YES;
				GCC_WARN_64_TO_32_BIT_CONVERSION = YES;
				GCC_WARN_ABOUT_RETURN_TYPE = YES_ERROR;
				GCC_WARN_UNDECLARED_SELECTOR = YES;
				GCC_WARN_UNINITIALIZED_AUTOS = YES_AGGRESSIVE;
				GCC_WARN_UNUSED_FUNCTION = YES;
				INFOPLIST_FILE = RecipesTests/Info.plist;
				IPHONEOS_DEPLOYMENT_TARGET = 9.0;
				LD_RUNPATH_SEARCH_PATHS = "$(inherited) @executable_path/Frameworks @loader_path/Frameworks";
				MTL_ENABLE_DEBUG_INFO = YES;
				PRODUCT_BUNDLE_IDENTIFIER = com.emc.mobileapps.RecipesTests;
				PRODUCT_NAME = "$(TARGET_NAME)";
				TEST_HOST = "$(BUILT_PRODUCTS_DIR)/Recipes.app/Recipes";
			};
			name = Debug;
		};
		0BB772341BD7A3D80000248F /* Release */ = {
			isa = XCBuildConfiguration;
			baseConfigurationReference = 966756D118E04ECCDD4105A3 /* Pods-RecipesTests.release.xcconfig */;
			buildSettings = {
				BUNDLE_LOADER = "$(TEST_HOST)";
				CLANG_ENABLE_MODULES = YES;
				CLANG_ENABLE_OBJC_ARC = YES;
				CLANG_WARN_BOOL_CONVERSION = YES;
				CLANG_WARN_DIRECT_OBJC_ISA_USAGE = YES_ERROR;
				CLANG_WARN_OBJC_ROOT_CLASS = YES_ERROR;
				CLANG_WARN_UNREACHABLE_CODE = YES;
				COPY_PHASE_STRIP = NO;
				DEBUG_INFORMATION_FORMAT = "dwarf-with-dsym";
				ENABLE_NS_ASSERTIONS = NO;
				ENABLE_STRICT_OBJC_MSGSEND = YES;
				GCC_NO_COMMON_BLOCKS = YES;
				GCC_WARN_64_TO_32_BIT_CONVERSION = YES;
				GCC_WARN_ABOUT_RETURN_TYPE = YES_ERROR;
				GCC_WARN_UNDECLARED_SELECTOR = YES;
				GCC_WARN_UNINITIALIZED_AUTOS = YES_AGGRESSIVE;
				GCC_WARN_UNUSED_FUNCTION = YES;
				INFOPLIST_FILE = RecipesTests/Info.plist;
				IPHONEOS_DEPLOYMENT_TARGET = 9.0;
				LD_RUNPATH_SEARCH_PATHS = "$(inherited) @executable_path/Frameworks @loader_path/Frameworks";
				MTL_ENABLE_DEBUG_INFO = NO;
				PRODUCT_BUNDLE_IDENTIFIER = com.emc.mobileapps.RecipesTests;
				PRODUCT_NAME = "$(TARGET_NAME)";
				TEST_HOST = "$(BUILT_PRODUCTS_DIR)/Recipes.app/Recipes";
			};
			name = Release;
		};
		AE0C3A5217A0208800E640D8 /* Debug */ = {
			isa = XCBuildConfiguration;
			buildSettings = {
				ALWAYS_SEARCH_USER_PATHS = NO;
				CLANG_CXX_LANGUAGE_STANDARD = "gnu++0x";
				CLANG_CXX_LIBRARY = "libc++";
				CLANG_WARN_CONSTANT_CONVERSION = YES;
				CLANG_WARN_EMPTY_BODY = YES;
				CLANG_WARN_ENUM_CONVERSION = YES;
				CLANG_WARN_INT_CONVERSION = YES;
				CLANG_WARN__DUPLICATE_METHOD_MATCH = YES;
				"CODE_SIGN_IDENTITY[sdk=iphoneos*]" = "iPhone Developer";
				COPY_PHASE_STRIP = NO;
				GCC_C_LANGUAGE_STANDARD = gnu99;
				GCC_DYNAMIC_NO_PIC = NO;
				GCC_OPTIMIZATION_LEVEL = 0;
				GCC_PREPROCESSOR_DEFINITIONS = (
					"DEBUG=1",
					"$(inherited)",
				);
				GCC_SYMBOLS_PRIVATE_EXTERN = NO;
				GCC_WARN_ABOUT_RETURN_TYPE = YES;
				GCC_WARN_UNINITIALIZED_AUTOS = YES;
				GCC_WARN_UNUSED_VARIABLE = YES;
				IPHONEOS_DEPLOYMENT_TARGET = 6.1;
				ONLY_ACTIVE_ARCH = YES;
				SDKROOT = iphoneos;
			};
			name = Debug;
		};
		AE0C3A5317A0208800E640D8 /* Release */ = {
			isa = XCBuildConfiguration;
			buildSettings = {
				ALWAYS_SEARCH_USER_PATHS = NO;
				CLANG_CXX_LANGUAGE_STANDARD = "gnu++0x";
				CLANG_CXX_LIBRARY = "libc++";
				CLANG_WARN_CONSTANT_CONVERSION = YES;
				CLANG_WARN_EMPTY_BODY = YES;
				CLANG_WARN_ENUM_CONVERSION = YES;
				CLANG_WARN_INT_CONVERSION = YES;
				CLANG_WARN__DUPLICATE_METHOD_MATCH = YES;
				"CODE_SIGN_IDENTITY[sdk=iphoneos*]" = "iPhone Developer";
				COPY_PHASE_STRIP = YES;
				GCC_C_LANGUAGE_STANDARD = gnu99;
				GCC_WARN_ABOUT_RETURN_TYPE = YES;
				GCC_WARN_UNINITIALIZED_AUTOS = YES;
				GCC_WARN_UNUSED_VARIABLE = YES;
				IPHONEOS_DEPLOYMENT_TARGET = 6.1;
				OTHER_CFLAGS = "-DNS_BLOCK_ASSERTIONS=1";
				SDKROOT = iphoneos;
				VALIDATE_PRODUCT = YES;
			};
			name = Release;
		};
		AE0C3A5517A0208800E640D8 /* Debug */ = {
			isa = XCBuildConfiguration;
			buildSettings = {
				GCC_PRECOMPILE_PREFIX_HEADER = YES;
				GCC_PREFIX_HEADER = "Recipes/Recipes-Prefix.pch";
				INFOPLIST_FILE = "Recipes/Recipes-Info.plist";
				PRODUCT_NAME = "$(TARGET_NAME)";
				WRAPPER_EXTENSION = app;
			};
			name = Debug;
		};
		AE0C3A5617A0208800E640D8 /* Release */ = {
			isa = XCBuildConfiguration;
			buildSettings = {
				GCC_PRECOMPILE_PREFIX_HEADER = YES;
				GCC_PREFIX_HEADER = "Recipes/Recipes-Prefix.pch";
				INFOPLIST_FILE = "Recipes/Recipes-Info.plist";
				PRODUCT_NAME = "$(TARGET_NAME)";
				WRAPPER_EXTENSION = app;
			};
			name = Release;
		};
/* End XCBuildConfiguration section */

/* Begin XCConfigurationList section */
		0BB772351BD7A3D80000248F /* Build configuration list for PBXNativeTarget "RecipesTests" */ = {
			isa = XCConfigurationList;
			buildConfigurations = (
				0BB772331BD7A3D80000248F /* Debug */,
				0BB772341BD7A3D80000248F /* Release */,
			);
			defaultConfigurationIsVisible = 0;
			defaultConfigurationName = Release;
		};
		AE0C3A3217A0208800E640D8 /* Build configuration list for PBXProject "Recipes" */ = {
			isa = XCConfigurationList;
			buildConfigurations = (
				AE0C3A5217A0208800E640D8 /* Debug */,
				AE0C3A5317A0208800E640D8 /* Release */,
			);
			defaultConfigurationIsVisible = 0;
			defaultConfigurationName = Release;
		};
		AE0C3A5417A0208800E640D8 /* Build configuration list for PBXNativeTarget "Recipes" */ = {
			isa = XCConfigurationList;
			buildConfigurations = (
				AE0C3A5517A0208800E640D8 /* Debug */,
				AE0C3A5617A0208800E640D8 /* Release */,
			);
			defaultConfigurationIsVisible = 0;
			defaultConfigurationName = Release;
		};
/* End XCConfigurationList section */
	};
	rootObject = AE0C3A2F17A0208800E640D8 /* Project object */;
}
