PODS:
  - Cedar (0.12.0)

DEPENDENCIES:
  - Cedar (from `https://github.com/pivotal/cedar.git`)

EXTERNAL SOURCES:
  Cedar:
    :git: https://github.com/pivotal/cedar.git

CHECKOUT OPTIONS:
  Cedar:
    :commit: 026e0def5181f3fc20e1d16253c41e9112dc36df
    :git: https://github.com/pivotal/cedar.git

SPEC CHECKSUMS:
  Cedar: 57e00c655546e4a9dccbfcd95894565872585742

COCOAPODS: 0.38.2
